
Microsoft Visual Studio Solution File, Format Version 12.00
# Visual Studio Version 17
VisualStudioVersion = 17.9.34728.123
MinimumVisualStudioVersion = 10.0.40219.1
Project("{2150E333-8FDC-42A3-9474-1A3956D46DE8}") = "Services", "Services", "{7E509CB6-174C-49DA-B237-76BF66A26557}"
EndProject
Project("{2150E333-8FDC-42A3-9474-1A3956D46DE8}") = "Catalog", "Catalog", "{FF8056CC-91C5-4084-B929-A440C96E2BD0}"
EndProject
Project("{9A19103F-16F7-4668-BE54-9A1E7A4F7556}") = "Catalog.API", "Services\Catalog\Catalog.API\Catalog.API.csproj", "{393D4424-2B3F-4BDA-9917-CE2894A97BBE}"
EndProject
Project("{2150E333-8FDC-42A3-9474-1A3956D46DE8}") = "Solution Items", "Solution Items", "{71D2E6D9-45DD-4C69-ABCF-680C2615B282}"
	ProjectSection(SolutionItems) = preProject
		.editorconfig = .editorconfig
		..\.gitignore = ..\.gitignore
		..\LICENSE = ..\LICENSE
		..\README.md = ..\README.md
	EndProjectSection
EndProject
Project("{2150E333-8FDC-42A3-9474-1A3956D46DE8}") = "BuildingBlocks", "BuildingBlocks", "{7B098509-4378-4425-93F3-AD5FE538A4FF}"
EndProject
Project("{9A19103F-16F7-4668-BE54-9A1E7A4F7556}") = "BuildingBlocks", "BuildingBlocks\BuildingBlocks\BuildingBlocks.csproj", "{586861B8-F615-4194-B864-9AD69C81B007}"
EndProject
Project("{E53339B2-1760-4266-BCC7-CA923CBCF16C}") = "docker-compose", "docker-compose.dcproj", "{4B44333F-FF0C-402A-BABD-65340C42203A}"
EndProject
Project("{2150E333-8FDC-42A3-9474-1A3956D46DE8}") = "Basket", "Basket", "{ED46E645-CEEB-4220-A716-8E00F4867147}"
EndProject
Project("{9A19103F-16F7-4668-BE54-9A1E7A4F7556}") = "Basket.API", "Services\Basket\Basket.API\Basket.API.csproj", "{EB8444FD-41B6-4C9E-83CD-E8DE37E36450}"
EndProject
Project("{2150E333-8FDC-42A3-9474-1A3956D46DE8}") = "Discount", "Discount", "{F0D90DAF-421C-4472-A05B-BAF9A7E43F51}"
EndProject
Project("{9A19103F-16F7-4668-BE54-9A1E7A4F7556}") = "Discount.Grpc", "Services\Discount\Discount.Grpc\Discount.Grpc.csproj", "{CB791194-CAD6-4592-8903-C1198C0F2B41}"
EndProject
Project("{2150E333-8FDC-42A3-9474-1A3956D46DE8}") = "Ordering", "Ordering", "{1336BC16-D016-4CCA-8A7E-5888DD9810F9}"
EndProject
Project("{9A19103F-16F7-4668-BE54-9A1E7A4F7556}") = "Ordering.API", "Services\Ordering\Ordering.API\Ordering.API.csproj", "{C7C118BA-5BDB-4242-9E2B-6CBEC491676B}"
EndProject
Project("{9A19103F-16F7-4668-BE54-9A1E7A4F7556}") = "Ordering.Domain", "Services\Ordering\Ordering.Domain\Ordering.Domain.csproj", "{45CBAB4E-1836-4F8B-9A64-25F90AD45199}"
EndProject
Project("{9A19103F-16F7-4668-BE54-9A1E7A4F7556}") = "Ordering.Application", "Services\Ordering\Ordering.Application\Ordering.Application.csproj", "{E99341B5-B701-4E28-BF7B-1068548BBDF8}"
EndProject
Project("{9A19103F-16F7-4668-BE54-9A1E7A4F7556}") = "Ordering.Infrastructure", "Services\Ordering\Ordering.Infrastructure\Ordering.Infrastructure.csproj", "{6877D259-CED8-4532-A3AE-5534B6CB0E2C}"
EndProject
Project("{9A19103F-16F7-4668-BE54-9A1E7A4F7556}") = "BuildingBlocks.Messaging", "BuildingBlocks\BuildingBlocks.Messaging\BuildingBlocks.Messaging.csproj", "{76AC7964-3F3E-41F8-8527-DB5FD09CD845}"
EndProject
Project("{2150E333-8FDC-42A3-9474-1A3956D46DE8}") = "ApiGateways", "ApiGateways", "{3DC00F39-F00F-45DF-847D-9A2165B08E62}"
EndProject
Project("{FAE04EC0-301F-11D3-BF4B-00C04F79EFBC}") = "YarpApiGateway", "ApiGateways\YarpApiGateway\YarpApiGateway.csproj", "{9E5D888D-480E-4C95-904A-C372DCC09D68}"
EndProject
Global
	GlobalSection(SolutionConfigurationPlatforms) = preSolution
		Debug|Any CPU = Debug|Any CPU
		Release|Any CPU = Release|Any CPU
	EndGlobalSection
	GlobalSection(ProjectConfigurationPlatforms) = postSolution
		{393D4424-2B3F-4BDA-9917-CE2894A97BBE}.Debug|Any CPU.ActiveCfg = Debug|Any CPU
		{393D4424-2B3F-4BDA-9917-CE2894A97BBE}.Debug|Any CPU.Build.0 = Debug|Any CPU
		{393D4424-2B3F-4BDA-9917-CE2894A97BBE}.Release|Any CPU.ActiveCfg = Release|Any CPU
		{393D4424-2B3F-4BDA-9917-CE2894A97BBE}.Release|Any CPU.Build.0 = Release|Any CPU
		{586861B8-F615-4194-B864-9AD69C81B007}.Debug|Any CPU.ActiveCfg = Debug|Any CPU
		{586861B8-F615-4194-B864-9AD69C81B007}.Debug|Any CPU.Build.0 = Debug|Any CPU
		{586861B8-F615-4194-B864-9AD69C81B007}.Release|Any CPU.ActiveCfg = Release|Any CPU
		{586861B8-F615-4194-B864-9AD69C81B007}.Release|Any CPU.Build.0 = Release|Any CPU
		{4B44333F-FF0C-402A-BABD-65340C42203A}.Debug|Any CPU.ActiveCfg = Debug|Any CPU
		{4B44333F-FF0C-402A-BABD-65340C42203A}.Debug|Any CPU.Build.0 = Debug|Any CPU
		{4B44333F-FF0C-402A-BABD-65340C42203A}.Release|Any CPU.ActiveCfg = Release|Any CPU
		{4B44333F-FF0C-402A-BABD-65340C42203A}.Release|Any CPU.Build.0 = Release|Any CPU
		{EB8444FD-41B6-4C9E-83CD-E8DE37E36450}.Debug|Any CPU.ActiveCfg = Debug|Any CPU
		{EB8444FD-41B6-4C9E-83CD-E8DE37E36450}.Debug|Any CPU.Build.0 = Debug|Any CPU
		{EB8444FD-41B6-4C9E-83CD-E8DE37E36450}.Release|Any CPU.ActiveCfg = Release|Any CPU
		{EB8444FD-41B6-4C9E-83CD-E8DE37E36450}.Release|Any CPU.Build.0 = Release|Any CPU
		{CB791194-CAD6-4592-8903-C1198C0F2B41}.Debug|Any CPU.ActiveCfg = Debug|Any CPU
		{CB791194-CAD6-4592-8903-C1198C0F2B41}.Debug|Any CPU.Build.0 = Debug|Any CPU
		{CB791194-CAD6-4592-8903-C1198C0F2B41}.Release|Any CPU.ActiveCfg = Release|Any CPU
		{CB791194-CAD6-4592-8903-C1198C0F2B41}.Release|Any CPU.Build.0 = Release|Any CPU
		{C7C118BA-5BDB-4242-9E2B-6CBEC491676B}.Debug|Any CPU.ActiveCfg = Debug|Any CPU
		{C7C118BA-5BDB-4242-9E2B-6CBEC491676B}.Debug|Any CPU.Build.0 = Debug|Any CPU
		{C7C118BA-5BDB-4242-9E2B-6CBEC491676B}.Release|Any CPU.ActiveCfg = Release|Any CPU
		{C7C118BA-5BDB-4242-9E2B-6CBEC491676B}.Release|Any CPU.Build.0 = Release|Any CPU
		{45CBAB4E-1836-4F8B-9A64-25F90AD45199}.Debug|Any CPU.ActiveCfg = Debug|Any CPU
		{45CBAB4E-1836-4F8B-9A64-25F90AD45199}.Debug|Any CPU.Build.0 = Debug|Any CPU
		{45CBAB4E-1836-4F8B-9A64-25F90AD45199}.Release|Any CPU.ActiveCfg = Release|Any CPU
		{45CBAB4E-1836-4F8B-9A64-25F90AD45199}.Release|Any CPU.Build.0 = Release|Any CPU
		{E99341B5-B701-4E28-BF7B-1068548BBDF8}.Debug|Any CPU.ActiveCfg = Debug|Any CPU
		{E99341B5-B701-4E28-BF7B-1068548BBDF8}.Debug|Any CPU.Build.0 = Debug|Any CPU
		{E99341B5-B701-4E28-BF7B-1068548BBDF8}.Release|Any CPU.ActiveCfg = Release|Any CPU
		{E99341B5-B701-4E28-BF7B-1068548BBDF8}.Release|Any CPU.Build.0 = Release|Any CPU
		{6877D259-CED8-4532-A3AE-5534B6CB0E2C}.Debug|Any CPU.ActiveCfg = Debug|Any CPU
		{6877D259-CED8-4532-A3AE-5534B6CB0E2C}.Debug|Any CPU.Build.0 = Debug|Any CPU
		{6877D259-CED8-4532-A3AE-5534B6CB0E2C}.Release|Any CPU.ActiveCfg = Release|Any CPU
		{6877D259-CED8-4532-A3AE-5534B6CB0E2C}.Release|Any CPU.Build.0 = Release|Any CPU
		{76AC7964-3F3E-41F8-8527-DB5FD09CD845}.Debug|Any CPU.ActiveCfg = Debug|Any CPU
		{76AC7964-3F3E-41F8-8527-DB5FD09CD845}.Debug|Any CPU.Build.0 = Debug|Any CPU
		{76AC7964-3F3E-41F8-8527-DB5FD09CD845}.Release|Any CPU.ActiveCfg = Release|Any CPU
		{76AC7964-3F3E-41F8-8527-DB5FD09CD845}.Release|Any CPU.Build.0 = Release|Any CPU
		{9E5D888D-480E-4C95-904A-C372DCC09D68}.Debug|Any CPU.ActiveCfg = Debug|Any CPU
		{9E5D888D-480E-4C95-904A-C372DCC09D68}.Debug|Any CPU.Build.0 = Debug|Any CPU
		{9E5D888D-480E-4C95-904A-C372DCC09D68}.Release|Any CPU.ActiveCfg = Release|Any CPU
		{9E5D888D-480E-4C95-904A-C372DCC09D68}.Release|Any CPU.Build.0 = Release|Any CPU
	EndGlobalSection
	GlobalSection(SolutionProperties) = preSolution
		HideSolutionNode = FALSE
	EndGlobalSection
	GlobalSection(NestedProjects) = preSolution
		{FF8056CC-91C5-4084-B929-A440C96E2BD0} = {7E509CB6-174C-49DA-B237-76BF66A26557}
		{393D4424-2B3F-4BDA-9917-CE2894A97BBE} = {FF8056CC-91C5-4084-B929-A440C96E2BD0}
		{586861B8-F615-4194-B864-9AD69C81B007} = {7B098509-4378-4425-93F3-AD5FE538A4FF}
		{ED46E645-CEEB-4220-A716-8E00F4867147} = {7E509CB6-174C-49DA-B237-76BF66A26557}
		{EB8444FD-41B6-4C9E-83CD-E8DE37E36450} = {ED46E645-CEEB-4220-A716-8E00F4867147}
		{F0D90DAF-421C-4472-A05B-BAF9A7E43F51} = {7E509CB6-174C-49DA-B237-76BF66A26557}
		{CB791194-CAD6-4592-8903-C1198C0F2B41} = {F0D90DAF-421C-4472-A05B-BAF9A7E43F51}
		{1336BC16-D016-4CCA-8A7E-5888DD9810F9} = {7E509CB6-174C-49DA-B237-76BF66A26557}
		{C7C118BA-5BDB-4242-9E2B-6CBEC491676B} = {1336BC16-D016-4CCA-8A7E-5888DD9810F9}
		{45CBAB4E-1836-4F8B-9A64-25F90AD45199} = {1336BC16-D016-4CCA-8A7E-5888DD9810F9}
		{E99341B5-B701-4E28-BF7B-1068548BBDF8} = {1336BC16-D016-4CCA-8A7E-5888DD9810F9}
		{6877D259-CED8-4532-A3AE-5534B6CB0E2C} = {1336BC16-D016-4CCA-8A7E-5888DD9810F9}
		{76AC7964-3F3E-41F8-8527-DB5FD09CD845} = {7B098509-4378-4425-93F3-AD5FE538A4FF}
		{9E5D888D-480E-4C95-904A-C372DCC09D68} = {3DC00F39-F00F-45DF-847D-9A2165B08E62}
	EndGlobalSection
	GlobalSection(ExtensibilityGlobals) = postSolution
		SolutionGuid = {D8E06004-6D17-4D32-BA4D-1852A384BDAF}
	EndGlobalSection
EndGlobal
